{
  "requires": true,
  "lockfileVersion": 1,
  "dependencies": {
    "js-easing-functions": {
      "version": "1.0.3",
      "resolved": "https://registry.npmjs.org/js-easing-functions/-/js-easing-functions-1.0.3.tgz",
      "integrity": "sha512-skDTLPuwWvAVYQVPwmjcFuCv8i8jtVD4L4FELxICwbS1HWFhs+627vOdDhQUGJMe9os6QO2XgEI4qb5umiUQFg=="
    }
  }
}
